
Microsoft Visual Studio Solution File, Format Version 12.00
# Visual Studio Version 17
VisualStudioVersion = 17.0.31903.59
MinimumVisualStudioVersion = 10.0.40219.1
Project("{FAE04EC0-301F-11D3-BF4B-00C04F79EFBC}") = "JurisFlow.Server.Tests", "JurisFlow.Server.Tests\JurisFlow.Server.Tests.csproj", "{F74BD0E0-535C-406F-8457-247C925BAFDB}"
EndProject
Project("{FAE04EC0-301F-11D3-BF4B-00C04F79EFBC}") = "JurisFlow.Server", "JurisFlow.Server\JurisFlow.Server.csproj", "{2767DD73-51D6-42D3-B11C-49C3EF31EBFD}"
EndProject
Global
	GlobalSection(SolutionConfigurationPlatforms) = preSolution
		Debug|Any CPU = Debug|Any CPU
		Debug|x64 = Debug|x64
		Debug|x86 = Debug|x86
		Release|Any CPU = Release|Any CPU
		Release|x64 = Release|x64
		Release|x86 = Release|x86
	EndGlobalSection
	GlobalSection(ProjectConfigurationPlatforms) = postSolution
		{F74BD0E0-535C-406F-8457-247C925BAFDB}.Debug|Any CPU.ActiveCfg = Debug|Any CPU
		{F74BD0E0-535C-406F-8457-247C925BAFDB}.Debug|Any CPU.Build.0 = Debug|Any CPU
		{F74BD0E0-535C-406F-8457-247C925BAFDB}.Debug|x64.ActiveCfg = Debug|Any CPU
		{F74BD0E0-535C-406F-8457-247C925BAFDB}.Debug|x64.Build.0 = Debug|Any CPU
		{F74BD0E0-535C-406F-8457-247C925BAFDB}.Debug|x86.ActiveCfg = Debug|Any CPU
		{F74BD0E0-535C-406F-8457-247C925BAFDB}.Debug|x86.Build.0 = Debug|Any CPU
		{F74BD0E0-535C-406F-8457-247C925BAFDB}.Release|Any CPU.ActiveCfg = Release|Any CPU
		{F74BD0E0-535C-406F-8457-247C925BAFDB}.Release|Any CPU.Build.0 = Release|Any CPU
		{F74BD0E0-535C-406F-8457-247C925BAFDB}.Release|x64.ActiveCfg = Release|Any CPU
		{F74BD0E0-535C-406F-8457-247C925BAFDB}.Release|x64.Build.0 = Release|Any CPU
		{F74BD0E0-535C-406F-8457-247C925BAFDB}.Release|x86.ActiveCfg = Release|Any CPU
		{F74BD0E0-535C-406F-8457-247C925BAFDB}.Release|x86.Build.0 = Release|Any CPU
		{2767DD73-51D6-42D3-B11C-49C3EF31EBFD}.Debug|Any CPU.ActiveCfg = Debug|Any CPU
		{2767DD73-51D6-42D3-B11C-49C3EF31EBFD}.Debug|Any CPU.Build.0 = Debug|Any CPU
		{2767DD73-51D6-42D3-B11C-49C3EF31EBFD}.Debug|x64.ActiveCfg = Debug|Any CPU
		{2767DD73-51D6-42D3-B11C-49C3EF31EBFD}.Debug|x64.Build.0 = Debug|Any CPU
		{2767DD73-51D6-42D3-B11C-49C3EF31EBFD}.Debug|x86.ActiveCfg = Debug|Any CPU
		{2767DD73-51D6-42D3-B11C-49C3EF31EBFD}.Debug|x86.Build.0 = Debug|Any CPU
		{2767DD73-51D6-42D3-B11C-49C3EF31EBFD}.Release|Any CPU.ActiveCfg = Release|Any CPU
		{2767DD73-51D6-42D3-B11C-49C3EF31EBFD}.Release|Any CPU.Build.0 = Release|Any CPU
		{2767DD73-51D6-42D3-B11C-49C3EF31EBFD}.Release|x64.ActiveCfg = Release|Any CPU
		{2767DD73-51D6-42D3-B11C-49C3EF31EBFD}.Release|x64.Build.0 = Release|Any CPU
		{2767DD73-51D6-42D3-B11C-49C3EF31EBFD}.Release|x86.ActiveCfg = Release|Any CPU
		{2767DD73-51D6-42D3-B11C-49C3EF31EBFD}.Release|x86.Build.0 = Release|Any CPU
	EndGlobalSection
	GlobalSection(SolutionProperties) = preSolution
		HideSolutionNode = FALSE
	EndGlobalSection
EndGlobal
